
Microsoft Visual Studio Solution File, Format Version 12.00
# Visual Studio Version 17
VisualStudioVersion = 17.2.32519.379
MinimumVisualStudioVersion = 10.0.40219.1
Project("{FAE04EC0-301F-11D3-BF4B-00C04F79EFBC}") = "WPFInfoTips", "WPFInfoTips.csproj", "{22991796-CA79-43C8-B209-F0E212D07750}"
EndProject
Global
	GlobalSection(SolutionConfigurationPlatforms) = preSolution
		Debug|Any CPU = Debug|Any CPU
		Release|Any CPU = Release|Any CPU
	EndGlobalSection
	GlobalSection(ProjectConfigurationPlatforms) = postSolution
		{22991796-CA79-43C8-B209-F0E212D07750}.Debug|Any CPU.ActiveCfg = Debug|Any CPU
		{22991796-CA79-43C8-B209-F0E212D07750}.Debug|Any CPU.Build.0 = Debug|Any CPU
		{22991796-CA79-43C8-B209-F0E212D07750}.Release|Any CPU.ActiveCfg = Release|Any CPU
		{22991796-CA79-43C8-B209-F0E212D07750}.Release|Any CPU.Build.0 = Release|Any CPU
	EndGlobalSection
	GlobalSection(SolutionProperties) = preSolution
		HideSolutionNode = FALSE
	EndGlobalSection
	GlobalSection(ExtensibilityGlobals) = postSolution
		SolutionGuid = {AB1EF85E-48AB-4D11-B7CA-52BA913B6C23}
	EndGlobalSection
EndGlobal
